# This file is automatically @generated by Poetry 1.5.1 and should not be changed by hand.

[[package]]
name = "aiomqtt"
version = "1.2.1"
description = "The idiomatic asyncio MQTT client, wrapped around paho-mqtt"
optional = false
python-versions = ">=3.8,<4.0"
files = [
    {file = "aiomqtt-1.2.1-py3-none-any.whl", hash = "sha256:3925b40b2b95b1905753d53ef3a9162e903cfab35ebe9647ab4d52e45ffb727f"},
    {file = "aiomqtt-1.2.1.tar.gz", hash = "sha256:7582f4341f08ef7110dd9ab3a559454dc28ccda1eac502ff8f08a73b238ecede"},
]

[package.dependencies]
paho-mqtt = ">=1.6.0,<2.0.0"
typing-extensions = {version = ">=4.4.0,<5.0.0", markers = "python_version < \"3.10\""}

[[package]]
name = "attrs"
version = "23.1.0"
description = "Classes Without Boilerplate"
optional = false
python-versions = ">=3.7"
files = [
    {file = "attrs-23.1.0-py3-none-any.whl", hash = "sha256:1f28b4522cdc2fb4256ac1a020c78acf9cba2c6b461ccd2c126f3aa8e8335d04"},
    {file = "attrs-23.1.0.tar.gz", hash = "sha256:6279836d581513a26f1bf235f9acd333bc9115683f14f7e8fae46c98fc50e015"},
]

[package.extras]
cov = ["attrs[tests]", "coverage[toml] (>=5.3)"]
dev = ["attrs[docs,tests]", "pre-commit"]
docs = ["furo", "myst-parser", "sphinx", "sphinx-notfound-page", "sphinxcontrib-towncrier", "towncrier", "zope-interface"]
tests = ["attrs[tests-no-zope]", "zope-interface"]
tests-no-zope = ["cloudpickle", "hypothesis", "mypy (>=1.1.1)", "pympler", "pytest (>=4.3.0)", "pytest-mypy-plugins", "pytest-xdist[psutil]"]

[[package]]
name = "jsonschema"
version = "4.19.0"
description = "An implementation of JSON Schema validation for Python"
optional = false
python-versions = ">=3.8"
files = [
    {file = "jsonschema-4.19.0-py3-none-any.whl", hash = "sha256:043dc26a3845ff09d20e4420d6012a9c91c9aa8999fa184e7efcfeccb41e32cb"},
    {file = "jsonschema-4.19.0.tar.gz", hash = "sha256:6e1e7569ac13be8139b2dd2c21a55d350066ee3f80df06c608b398cdc6f30e8f"},
]

[package.dependencies]
attrs = ">=22.2.0"
jsonschema-specifications = ">=2023.03.6"
referencing = ">=0.28.4"
rpds-py = ">=0.7.1"

[package.extras]
format = ["fqdn", "idna", "isoduration", "jsonpointer (>1.13)", "rfc3339-validator", "rfc3987", "uri-template", "webcolors (>=1.11)"]
format-nongpl = ["fqdn", "idna", "isoduration", "jsonpointer (>1.13)", "rfc3339-validator", "rfc3986-validator (>0.1.0)", "uri-template", "webcolors (>=1.11)"]

[[package]]
name = "jsonschema-specifications"
version = "2023.11.1"
description = "The JSON Schema meta-schemas and vocabularies, exposed as a Registry"
optional = false
python-versions = ">=3.8"
files = [
    {file = "jsonschema_specifications-2023.11.1-py3-none-any.whl", hash = "sha256:f596778ab612b3fd29f72ea0d990393d0540a5aab18bf0407a46632eab540779"},
    {file = "jsonschema_specifications-2023.11.1.tar.gz", hash = "sha256:c9b234904ffe02f079bf91b14d79987faa685fd4b39c377a0996954c0090b9ca"},
]

[package.dependencies]
referencing = ">=0.31.0"

[[package]]
name = "ocpp"
version = "0.19.0"
description = "Python package implementing the JSON version of the Open Charge Point Protocol (OCPP)."
optional = false
python-versions = ">=3.7,<4.0"
files = [
    {file = "ocpp-0.19.0-py3-none-any.whl", hash = "sha256:88cbf53fa732f8c9ace51e48c56fc9901fba91d84e0a5795ae3fac601c11acb5"},
    {file = "ocpp-0.19.0.tar.gz", hash = "sha256:ac3b7fa1c4dba2800c4a602dd7d657a983a24d0a998e223db04f7b9952f68022"},
]

[package.dependencies]
jsonschema = ">=4.4.0,<5.0.0"

[[package]]
name = "paho-mqtt"
version = "1.6.1"
description = "MQTT version 5.0/3.1.1 client class"
optional = false
python-versions = "*"
files = [
    {file = "paho-mqtt-1.6.1.tar.gz", hash = "sha256:2a8291c81623aec00372b5a85558a372c747cbca8e9934dfe218638b8eefc26f"},
]

[package.extras]
proxy = ["PySocks"]

[[package]]
name = "python-dotenv"
version = "1.0.0"
description = "Read key-value pairs from a .env file and set them as environment variables"
optional = false
python-versions = ">=3.8"
files = [
    {file = "python-dotenv-1.0.0.tar.gz", hash = "sha256:a8df96034aae6d2d50a4ebe8216326c61c3eb64836776504fcca410e5937a3ba"},
    {file = "python_dotenv-1.0.0-py3-none-any.whl", hash = "sha256:f5971a9226b701070a4bf2c38c89e5a3f0d64de8debda981d1db98583009122a"},
]

[package.extras]
cli = ["click (>=5.0)"]

[[package]]
name = "referencing"
version = "0.31.0"
description = "JSON Referencing + Python"
optional = false
python-versions = ">=3.8"
files = [
    {file = "referencing-0.31.0-py3-none-any.whl", hash = "sha256:381b11e53dd93babb55696c71cf42aef2d36b8a150c49bf0bc301e36d536c882"},
    {file = "referencing-0.31.0.tar.gz", hash = "sha256:cc28f2c88fbe7b961a7817a0abc034c09a1e36358f82fedb4ffdf29a25398863"},
]

[package.dependencies]
attrs = ">=22.2.0"
rpds-py = ">=0.7.0"

[[package]]
name = "rpds-py"
version = "0.13.1"
description = "Python bindings to Rust's persistent data structures (rpds)"
optional = false
python-versions = ">=3.8"
files = [
    {file = "rpds_py-0.13.1-cp310-cp310-macosx_10_7_x86_64.whl", hash = "sha256:83feb0f682d75a09ddc11aa37ba5c07dd9b824b22915207f6176ea458474ff75"},
    {file = "rpds_py-0.13.1-cp310-cp310-macosx_11_0_arm64.whl", hash = "sha256:fa84bbe22ffa108f91631935c28a623001e335d66e393438258501e618fb0dde"},
    {file = "rpds_py-0.13.1-cp310-cp310-manylinux_2_17_aarch64.manylinux2014_aarch64.whl", hash = "sha256:e04f8c76b8d5c70695b4e8f1d0b391d8ef91df00ef488c6c1ffb910176459bc6"},
    {file = "rpds_py-0.13.1-cp310-cp310-manylinux_2_17_armv7l.manylinux2014_armv7l.whl", hash = "sha256:032c242a595629aacace44128f9795110513ad27217b091e834edec2fb09e800"},
    {file = "rpds_py-0.13.1-cp310-cp310-manylinux_2_17_ppc64le.manylinux2014_ppc64le.whl", hash = "sha256:91276caef95556faeb4b8f09fe4439670d3d6206fee78d47ddb6e6de837f0b4d"},
    {file = "rpds_py-0.13.1-cp310-cp310-manylinux_2_17_s390x.manylinux2014_s390x.whl", hash = "sha256:d22f2cb82e0b40e427a74a93c9a4231335bbc548aed79955dde0b64ea7f88146"},
    {file = "rpds_py-0.13.1-cp310-cp310-manylinux_2_17_x86_64.manylinux2014_x86_64.whl", hash = "sha256:63c9e2794329ef070844ff9bfc012004aeddc0468dc26970953709723f76c8a5"},
    {file = "rpds_py-0.13.1-cp310-cp310-manylinux_2_5_i686.manylinux1_i686.whl", hash = "sha256:c797ea56f36c6f248656f0223b11307fdf4a1886f3555eba371f34152b07677f"},
    {file = "rpds_py-0.13.1-cp310-cp310-musllinux_1_2_aarch64.whl", hash = "sha256:82dbcd6463e580bcfb7561cece35046aaabeac5a9ddb775020160b14e6c58a5d"},
    {file = "rpds_py-0.13.1-cp310-cp310-musllinux_1_2_i686.whl", hash = "sha256:736817dbbbd030a69a1faf5413a319976c9c8ba8cdcfa98c022d3b6b2e01eca6"},
    {file = "rpds_py-0.13.1-cp310-cp310-musllinux_1_2_x86_64.whl", hash = "sha256:1f36a1e80ef4ed1996445698fd91e0d3e54738bf597c9995118b92da537d7a28"},
    {file = "rpds_py-0.13.1-cp310-none-win32.whl", hash = "sha256:4f13d3f6585bd07657a603780e99beda96a36c86acaba841f131e81393958336"},
    {file = "rpds_py-0.13.1-cp310-none-win_amd64.whl", hash = "sha256:545e94c84575057d3d5c62634611858dac859702b1519b6ffc58eca7fb1adfcf"},
    {file = "rpds_py-0.13.1-cp311-cp311-macosx_10_7_x86_64.whl", hash = "sha256:6bfe72b249264cc1ff2f3629be240d7d2fdc778d9d298087cdec8524c91cd11f"},
    {file = "rpds_py-0.13.1-cp311-cp311-macosx_11_0_arm64.whl", hash = "sha256:edc91c50e17f5cd945d821f0f1af830522dba0c10267c3aab186dc3dbaab8def"},
    {file = "rpds_py-0.13.1-cp311-cp311-manylinux_2_17_aarch64.manylinux2014_aarch64.whl", hash = "sha256:2eca04a365be380ca1f8fa48b334462e19e3382c0bb7386444d8ca43aa01c481"},
    {file = "rpds_py-0.13.1-cp311-cp311-manylinux_2_17_armv7l.manylinux2014_armv7l.whl", hash = "sha256:3e3ac5b602fea378243f993d8b707189f9061e55ebb4e56cb9fdef8166060f28"},
    {file = "rpds_py-0.13.1-cp311-cp311-manylinux_2_17_ppc64le.manylinux2014_ppc64le.whl", hash = "sha256:dfb5d2ab183c0efe5e7b8917e4eaa2e837aacafad8a69b89aa6bc81550eed857"},
    {file = "rpds_py-0.13.1-cp311-cp311-manylinux_2_17_s390x.manylinux2014_s390x.whl", hash = "sha256:d9793d46d3e6522ae58e9321032827c9c0df1e56cbe5d3de965facb311aed6aa"},
    {file = "rpds_py-0.13.1-cp311-cp311-manylinux_2_17_x86_64.manylinux2014_x86_64.whl", hash = "sha256:9cd935c0220d012a27c20135c140f9cdcbc6249d5954345c81bfb714071b985c"},
    {file = "rpds_py-0.13.1-cp311-cp311-manylinux_2_5_i686.manylinux1_i686.whl", hash = "sha256:37b08df45f02ff1866043b95096cbe91ac99de05936dd09d6611987a82a3306a"},
    {file = "rpds_py-0.13.1-cp311-cp311-musllinux_1_2_aarch64.whl", hash = "sha256:ad666a904212aa9a6c77da7dce9d5170008cda76b7776e6731928b3f8a0d40fa"},
    {file = "rpds_py-0.13.1-cp311-cp311-musllinux_1_2_i686.whl", hash = "sha256:8a6ad8429340e0a4de89353447c6441329def3632e7b2293a7d6e873217d3c2b"},
    {file = "rpds_py-0.13.1-cp311-cp311-musllinux_1_2_x86_64.whl", hash = "sha256:7c40851b659d958c5245c1236e34f0d065cc53dca8d978b49a032c8e0adfda6e"},
    {file = "rpds_py-0.13.1-cp311-none-win32.whl", hash = "sha256:4145172ab59b6c27695db6d78d040795f635cba732cead19c78cede74800949a"},
    {file = "rpds_py-0.13.1-cp311-none-win_amd64.whl", hash = "sha256:46a07a258bda12270de02b34c4884f200f864bba3dcd6e3a37fef36a168b859d"},
    {file = "rpds_py-0.13.1-cp312-cp312-macosx_10_7_x86_64.whl", hash = "sha256:ba4432301ad7eeb1b00848cf46fae0e5fecfd18a8cb5fdcf856c67985f79ecc7"},
    {file = "rpds_py-0.13.1-cp312-cp312-macosx_11_0_arm64.whl", hash = "sha256:d22e0660de24bd8e9ac82f4230a22a5fe4e397265709289d61d5fb333839ba50"},
    {file = "rpds_py-0.13.1-cp312-cp312-manylinux_2_17_aarch64.manylinux2014_aarch64.whl", hash = "sha256:76a8374b294e4ccb39ccaf11d39a0537ed107534139c00b4393ca3b542cc66e5"},
    {file = "rpds_py-0.13.1-cp312-cp312-manylinux_2_17_armv7l.manylinux2014_armv7l.whl", hash = "sha256:7d152ec7bb431040af2500e01436c9aa0d993f243346f0594a15755016bf0be1"},
    {file = "rpds_py-0.13.1-cp312-cp312-manylinux_2_17_ppc64le.manylinux2014_ppc64le.whl", hash = "sha256:74a2044b870df7c9360bb3ce7e12f9ddf8e72e49cd3a353a1528cbf166ad2383"},
    {file = "rpds_py-0.13.1-cp312-cp312-manylinux_2_17_s390x.manylinux2014_s390x.whl", hash = "sha256:960e7e460fda2d0af18c75585bbe0c99f90b8f09963844618a621b804f8c3abe"},
    {file = "rpds_py-0.13.1-cp312-cp312-manylinux_2_17_x86_64.manylinux2014_x86_64.whl", hash = "sha256:37f79f4f1f06cc96151f4a187528c3fd4a7e1065538a4af9eb68c642365957f7"},
    {file = "rpds_py-0.13.1-cp312-cp312-manylinux_2_5_i686.manylinux1_i686.whl", hash = "sha256:cd4ea56c9542ad0091dfdef3e8572ae7a746e1e91eb56c9e08b8d0808b40f1d1"},
    {file = "rpds_py-0.13.1-cp312-cp312-musllinux_1_2_aarch64.whl", hash = "sha256:0290712eb5603a725769b5d857f7cf15cf6ca93dda3128065bbafe6fdb709beb"},
    {file = "rpds_py-0.13.1-cp312-cp312-musllinux_1_2_i686.whl", hash = "sha256:0b70c1f800059c92479dc94dda41288fd6607f741f9b1b8f89a21a86428f6383"},
    {file = "rpds_py-0.13.1-cp312-cp312-musllinux_1_2_x86_64.whl", hash = "sha256:3dd5fb7737224e1497c886fb3ca681c15d9c00c76171f53b3c3cc8d16ccfa7fb"},
    {file = "rpds_py-0.13.1-cp312-none-win32.whl", hash = "sha256:74be3b215a5695690a0f1a9f68b1d1c93f8caad52e23242fcb8ba56aaf060281"},
    {file = "rpds_py-0.13.1-cp312-none-win_amd64.whl", hash = "sha256:f47eef55297799956464efc00c74ae55c48a7b68236856d56183fe1ddf866205"},
    {file = "rpds_py-0.13.1-cp38-cp38-macosx_10_7_x86_64.whl", hash = "sha256:e4a45ba34f904062c63049a760790c6a2fa7a4cc4bd160d8af243b12371aaa05"},
    {file = "rpds_py-0.13.1-cp38-cp38-macosx_11_0_arm64.whl", hash = "sha256:20147996376be452cd82cd6c17701daba69a849dc143270fa10fe067bb34562a"},
    {file = "rpds_py-0.13.1-cp38-cp38-manylinux_2_17_aarch64.manylinux2014_aarch64.whl", hash = "sha256:42b9535aa22ab023704cfc6533e968f7e420affe802d85e956d8a7b4c0b0b5ea"},
    {file = "rpds_py-0.13.1-cp38-cp38-manylinux_2_17_armv7l.manylinux2014_armv7l.whl", hash = "sha256:d4fa1eeb9bea6d9b64ac91ec51ee94cc4fc744955df5be393e1c923c920db2b0"},
    {file = "rpds_py-0.13.1-cp38-cp38-manylinux_2_17_ppc64le.manylinux2014_ppc64le.whl", hash = "sha256:2b2415d5a7b7ee96aa3a54d4775c1fec140476a17ee12353806297e900eaeddc"},
    {file = "rpds_py-0.13.1-cp38-cp38-manylinux_2_17_s390x.manylinux2014_s390x.whl", hash = "sha256:577d40a72550eac1386b77b43836151cb61ff6700adacda2ad4d883ca5a0b6f2"},
    {file = "rpds_py-0.13.1-cp38-cp38-manylinux_2_17_x86_64.manylinux2014_x86_64.whl", hash = "sha256:af2d1648eb625a460eee07d3e1ea3a4a6e84a1fb3a107f6a8e95ac19f7dcce67"},
    {file = "rpds_py-0.13.1-cp38-cp38-manylinux_2_5_i686.manylinux1_i686.whl", hash = "sha256:5b769396eb358d6b55dbf78f3f7ca631ca1b2fe02136faad5af74f0111b4b6b7"},
    {file = "rpds_py-0.13.1-cp38-cp38-musllinux_1_2_aarch64.whl", hash = "sha256:249c8e0055ca597707d71c5ad85fd2a1c8fdb99386a8c6c257e1b47b67a9bec1"},
    {file = "rpds_py-0.13.1-cp38-cp38-musllinux_1_2_i686.whl", hash = "sha256:fe30ef31172bdcf946502a945faad110e8fff88c32c4bec9a593df0280e64d8a"},
    {file = "rpds_py-0.13.1-cp38-cp38-musllinux_1_2_x86_64.whl", hash = "sha256:2647192facf63be9ed2d7a49ceb07efe01dc6cfb083bd2cc53c418437400cb99"},
    {file = "rpds_py-0.13.1-cp38-none-win32.whl", hash = "sha256:4011d5c854aa804c833331d38a2b6f6f2fe58a90c9f615afdb7aa7cf9d31f721"},
    {file = "rpds_py-0.13.1-cp38-none-win_amd64.whl", hash = "sha256:7cfae77da92a20f56cf89739a557b76e5c6edc094f6ad5c090b9e15fbbfcd1a4"},
    {file = "rpds_py-0.13.1-cp39-cp39-macosx_10_7_x86_64.whl", hash = "sha256:e9be1f7c5f9673616f875299339984da9447a40e3aea927750c843d6e5e2e029"},
    {file = "rpds_py-0.13.1-cp39-cp39-macosx_11_0_arm64.whl", hash = "sha256:839676475ac2ccd1532d36af3d10d290a2ca149b702ed464131e450a767550df"},
    {file = "rpds_py-0.13.1-cp39-cp39-manylinux_2_17_aarch64.manylinux2014_aarch64.whl", hash = "sha256:a90031658805c63fe488f8e9e7a88b260ea121ba3ee9cdabcece9c9ddb50da39"},
    {file = "rpds_py-0.13.1-cp39-cp39-manylinux_2_17_armv7l.manylinux2014_armv7l.whl", hash = "sha256:8ba9fbc5d6e36bfeb5292530321cc56c4ef3f98048647fabd8f57543c34174ec"},
    {file = "rpds_py-0.13.1-cp39-cp39-manylinux_2_17_ppc64le.manylinux2014_ppc64le.whl", hash = "sha256:08832078767545c5ee12561ce980714e1e4c6619b5b1e9a10248de60cddfa1fd"},
    {file = "rpds_py-0.13.1-cp39-cp39-manylinux_2_17_s390x.manylinux2014_s390x.whl", hash = "sha256:19f5aa7f5078d35ed8e344bcba40f35bc95f9176dddb33fc4f2084e04289fa63"},
    {file = "rpds_py-0.13.1-cp39-cp39-manylinux_2_17_x86_64.manylinux2014_x86_64.whl", hash = "sha256:80080972e1d000ad0341c7cc58b6855c80bd887675f92871221451d13a975072"},
    {file = "rpds_py-0.13.1-cp39-cp39-manylinux_2_5_i686.manylinux1_i686.whl", hash = "sha256:181ee352691c4434eb1c01802e9daa5edcc1007ff15023a320e2693fed6a661b"},
    {file = "rpds_py-0.13.1-cp39-cp39-musllinux_1_2_aarch64.whl", hash = "sha256:d20da6b4c7aa9ee75ad0730beaba15d65157f5beeaca54a038bb968f92bf3ce3"},
    {file = "rpds_py-0.13.1-cp39-cp39-musllinux_1_2_i686.whl", hash = "sha256:faa12a9f34671a30ea6bb027f04ec4e1fb8fa3fb3ed030893e729d4d0f3a9791"},
    {file = "rpds_py-0.13.1-cp39-cp39-musllinux_1_2_x86_64.whl", hash = "sha256:7cf241dbb50ea71c2e628ab2a32b5bfcd36e199152fc44e5c1edb0b773f1583e"},
    {file = "rpds_py-0.13.1-cp39-none-win32.whl", hash = "sha256:dab979662da1c9fbb464e310c0b06cb5f1d174d09a462553af78f0bfb3e01920"},
    {file = "rpds_py-0.13.1-cp39-none-win_amd64.whl", hash = "sha256:a2b3c79586636f1fa69a7bd59c87c15fca80c0d34b5c003d57f2f326e5276575"},
    {file = "rpds_py-0.13.1-pp310-pypy310_pp73-macosx_10_7_x86_64.whl", hash = "sha256:5967fa631d0ed9f8511dede08bc943a9727c949d05d1efac4ac82b2938024fb7"},
    {file = "rpds_py-0.13.1-pp310-pypy310_pp73-macosx_11_0_arm64.whl", hash = "sha256:8308a8d49d1354278d5c068c888a58d7158a419b2e4d87c7839ed3641498790c"},
    {file = "rpds_py-0.13.1-pp310-pypy310_pp73-manylinux_2_17_aarch64.manylinux2014_aarch64.whl", hash = "sha256:d0580faeb9def6d0beb7aa666294d5604e569c4e24111ada423cf9936768d95c"},
    {file = "rpds_py-0.13.1-pp310-pypy310_pp73-manylinux_2_17_armv7l.manylinux2014_armv7l.whl", hash = "sha256:2da81c1492291c1a90987d76a47c7b2d310661bf7c93a9de0511e27b796a8b46"},
    {file = "rpds_py-0.13.1-pp310-pypy310_pp73-manylinux_2_17_ppc64le.manylinux2014_ppc64le.whl", hash = "sha256:1c9a1dc5e898ce30e2f9c0aa57181cddd4532b22b7780549441d6429d22d3b58"},
    {file = "rpds_py-0.13.1-pp310-pypy310_pp73-manylinux_2_17_s390x.manylinux2014_s390x.whl", hash = "sha256:f4ae6f423cb7d1c6256b7482025ace2825728f53b7ac58bcd574de6ee9d242c2"},
    {file = "rpds_py-0.13.1-pp310-pypy310_pp73-manylinux_2_17_x86_64.manylinux2014_x86_64.whl", hash = "sha256:bc3179e0815827cf963e634095ae5715ee73a5af61defbc8d6ca79f1bdae1d1d"},
    {file = "rpds_py-0.13.1-pp310-pypy310_pp73-manylinux_2_5_i686.manylinux1_i686.whl", hash = "sha256:0d9f8930092558fd15c9e07198625efb698f7cc00b3dc311c83eeec2540226a8"},
    {file = "rpds_py-0.13.1-pp310-pypy310_pp73-musllinux_1_2_aarch64.whl", hash = "sha256:d1d388d2f5f5a6065cf83c54dd12112b7389095669ff395e632003ae8999c6b8"},
    {file = "rpds_py-0.13.1-pp310-pypy310_pp73-musllinux_1_2_i686.whl", hash = "sha256:08b335fb0c45f0a9e2478a9ece6a1bfb00b6f4c4780f9be3cf36479c5d8dd374"},
    {file = "rpds_py-0.13.1-pp310-pypy310_pp73-musllinux_1_2_x86_64.whl", hash = "sha256:d11afdc5992bbd7af60ed5eb519873690d921425299f51d80aa3099ed49f2bcc"},
    {file = "rpds_py-0.13.1-pp38-pypy38_pp73-macosx_10_7_x86_64.whl", hash = "sha256:8c1f6c8df23be165eb0cb78f305483d00c6827a191e3a38394c658d5b9c80bbd"},
    {file = "rpds_py-0.13.1-pp38-pypy38_pp73-macosx_11_0_arm64.whl", hash = "sha256:528e2afaa56d815d2601b857644aeb395afe7e59212ab0659906dc29ae68d9a6"},
    {file = "rpds_py-0.13.1-pp38-pypy38_pp73-manylinux_2_17_aarch64.manylinux2014_aarch64.whl", hash = "sha256:df2af1180b8eeececf4f819d22cc0668bfadadfd038b19a90bd2fb2ee419ec6f"},
    {file = "rpds_py-0.13.1-pp38-pypy38_pp73-manylinux_2_17_armv7l.manylinux2014_armv7l.whl", hash = "sha256:88956c993a20201744282362e3fd30962a9d86dc4f1dcf2bdb31fab27821b61f"},
    {file = "rpds_py-0.13.1-pp38-pypy38_pp73-manylinux_2_17_ppc64le.manylinux2014_ppc64le.whl", hash = "sha256:ee70ee5f4144a45a9e6169000b5b525d82673d5dab9f7587eccc92794814e7ac"},
    {file = "rpds_py-0.13.1-pp38-pypy38_pp73-manylinux_2_17_s390x.manylinux2014_s390x.whl", hash = "sha256:c5fd099acaee2325f01281a130a39da08d885e4dedf01b84bf156ec2737d78fe"},
    {file = "rpds_py-0.13.1-pp38-pypy38_pp73-manylinux_2_17_x86_64.manylinux2014_x86_64.whl", hash = "sha256:9656a09653b18b80764647d585750df2dff8928e03a706763ab40ec8c4872acc"},
    {file = "rpds_py-0.13.1-pp38-pypy38_pp73-manylinux_2_5_i686.manylinux1_i686.whl", hash = "sha256:7ba239bb37663b2b4cd08e703e79e13321512dccd8e5f0e9451d9e53a6b8509a"},
    {file = "rpds_py-0.13.1-pp38-pypy38_pp73-musllinux_1_2_aarch64.whl", hash = "sha256:3f55ae773abd96b1de25fc5c3fb356f491bd19116f8f854ba705beffc1ddc3c5"},
    {file = "rpds_py-0.13.1-pp38-pypy38_pp73-musllinux_1_2_i686.whl", hash = "sha256:f4b15a163448ec79241fb2f1bc5a8ae1a4a304f7a48d948d208a2935b26bf8a5"},
    {file = "rpds_py-0.13.1-pp38-pypy38_pp73-musllinux_1_2_x86_64.whl", hash = "sha256:1a3b2583c86bbfbf417304eeb13400ce7f8725376dc7d3efbf35dc5d7052ad48"},
    {file = "rpds_py-0.13.1-pp39-pypy39_pp73-macosx_10_7_x86_64.whl", hash = "sha256:f1059ca9a51c936c9a8d46fbc2c9a6b4c15ab3f13a97f1ad32f024b39666ba85"},
    {file = "rpds_py-0.13.1-pp39-pypy39_pp73-macosx_11_0_arm64.whl", hash = "sha256:f55601fb58f92e4f4f1d05d80c24cb77505dc42103ddfd63ddfdc51d3da46fa2"},
    {file = "rpds_py-0.13.1-pp39-pypy39_pp73-manylinux_2_17_aarch64.manylinux2014_aarch64.whl", hash = "sha256:fcfd5f91b882eedf8d9601bd21261d6ce0e61a8c66a7152d1f5df08d3f643ab1"},
    {file = "rpds_py-0.13.1-pp39-pypy39_pp73-manylinux_2_17_armv7l.manylinux2014_armv7l.whl", hash = "sha256:6574f619e8734140d96c59bfa8a6a6e7a3336820ccd1bfd95ffa610673b650a2"},
    {file = "rpds_py-0.13.1-pp39-pypy39_pp73-manylinux_2_17_ppc64le.manylinux2014_ppc64le.whl", hash = "sha256:a4b9d3f5c48bbe8d9e3758e498b3c34863f2c9b1ac57a4e6310183740e59c980"},
    {file = "rpds_py-0.13.1-pp39-pypy39_pp73-manylinux_2_17_s390x.manylinux2014_s390x.whl", hash = "sha256:cdd6f8738e1f1d9df5b1603bb03cb30e442710e5672262b95d0f9fcb4edb0dab"},
    {file = "rpds_py-0.13.1-pp39-pypy39_pp73-manylinux_2_17_x86_64.manylinux2014_x86_64.whl", hash = "sha256:a8c2bf286e5d755a075e5e97ba56b3de08cccdad6b323ab0b21cc98875176b03"},
    {file = "rpds_py-0.13.1-pp39-pypy39_pp73-manylinux_2_5_i686.manylinux1_i686.whl", hash = "sha256:b3d4b390ee70ca9263b331ccfaf9819ee20e90dfd0201a295e23eb64a005dbef"},
    {file = "rpds_py-0.13.1-pp39-pypy39_pp73-musllinux_1_2_aarch64.whl", hash = "sha256:db8d0f0ad92f74feb61c4e4a71f1d573ef37c22ef4dc19cab93e501bfdad8cbd"},
    {file = "rpds_py-0.13.1-pp39-pypy39_pp73-musllinux_1_2_i686.whl", hash = "sha256:2abd669a39be69cdfe145927c7eb53a875b157740bf1e2d49e9619fc6f43362e"},
    {file = "rpds_py-0.13.1-pp39-pypy39_pp73-musllinux_1_2_x86_64.whl", hash = "sha256:2c173f529666bab8e3f948b74c6d91afa22ea147e6ebae49a48229d9020a47c4"},
    {file = "rpds_py-0.13.1.tar.gz", hash = "sha256:264f3a5906c62b9df3a00ad35f6da1987d321a053895bd85f9d5c708de5c0fbf"},
]

[[package]]
name = "typing-extensions"
version = "4.8.0"
description = "Backported and Experimental Type Hints for Python 3.8+"
optional = false
python-versions = ">=3.8"
files = [
    {file = "typing_extensions-4.8.0-py3-none-any.whl", hash = "sha256:8f92fc8806f9a6b641eaa5318da32b44d401efaac0f6678c9bc448ba3605faa0"},
    {file = "typing_extensions-4.8.0.tar.gz", hash = "sha256:df8e4339e9cb77357558cbdbceca33c303714cf861d1eef15e1070055ae8b7ef"},
]

[[package]]
name = "websockets"
version = "11.0.3"
description = "An implementation of the WebSocket Protocol (RFC 6455 & 7692)"
optional = false
python-versions = ">=3.7"
files = [
    {file = "websockets-11.0.3-cp310-cp310-macosx_10_9_universal2.whl", hash = "sha256:3ccc8a0c387629aec40f2fc9fdcb4b9d5431954f934da3eaf16cdc94f67dbfac"},
    {file = "websockets-11.0.3-cp310-cp310-macosx_10_9_x86_64.whl", hash = "sha256:d67ac60a307f760c6e65dad586f556dde58e683fab03323221a4e530ead6f74d"},
    {file = "websockets-11.0.3-cp310-cp310-macosx_11_0_arm64.whl", hash = "sha256:84d27a4832cc1a0ee07cdcf2b0629a8a72db73f4cf6de6f0904f6661227f256f"},
    {file = "websockets-11.0.3-cp310-cp310-manylinux_2_17_aarch64.manylinux2014_aarch64.whl", hash = "sha256:ffd7dcaf744f25f82190856bc26ed81721508fc5cbf2a330751e135ff1283564"},
    {file = "websockets-11.0.3-cp310-cp310-manylinux_2_5_i686.manylinux1_i686.manylinux_2_17_i686.manylinux2014_i686.whl", hash = "sha256:7622a89d696fc87af8e8d280d9b421db5133ef5b29d3f7a1ce9f1a7bf7fcfa11"},
    {file = "websockets-11.0.3-cp310-cp310-manylinux_2_5_x86_64.manylinux1_x86_64.manylinux_2_17_x86_64.manylinux2014_x86_64.whl", hash = "sha256:bceab846bac555aff6427d060f2fcfff71042dba6f5fca7dc4f75cac815e57ca"},
    {file = "websockets-11.0.3-cp310-cp310-musllinux_1_1_aarch64.whl", hash = "sha256:54c6e5b3d3a8936a4ab6870d46bdd6ec500ad62bde9e44462c32d18f1e9a8e54"},
    {file = "websockets-11.0.3-cp310-cp310-musllinux_1_1_i686.whl", hash = "sha256:41f696ba95cd92dc047e46b41b26dd24518384749ed0d99bea0a941ca87404c4"},
    {file = "websockets-11.0.3-cp310-cp310-musllinux_1_1_x86_64.whl", hash = "sha256:86d2a77fd490ae3ff6fae1c6ceaecad063d3cc2320b44377efdde79880e11526"},
    {file = "websockets-11.0.3-cp310-cp310-win32.whl", hash = "sha256:2d903ad4419f5b472de90cd2d40384573b25da71e33519a67797de17ef849b69"},
    {file = "websockets-11.0.3-cp310-cp310-win_amd64.whl", hash = "sha256:1d2256283fa4b7f4c7d7d3e84dc2ece74d341bce57d5b9bf385df109c2a1a82f"},
    {file = "websockets-11.0.3-cp311-cp311-macosx_10_9_universal2.whl", hash = "sha256:e848f46a58b9fcf3d06061d17be388caf70ea5b8cc3466251963c8345e13f7eb"},
    {file = "websockets-11.0.3-cp311-cp311-macosx_10_9_x86_64.whl", hash = "sha256:aa5003845cdd21ac0dc6c9bf661c5beddd01116f6eb9eb3c8e272353d45b3288"},
    {file = "websockets-11.0.3-cp311-cp311-macosx_11_0_arm64.whl", hash = "sha256:b58cbf0697721120866820b89f93659abc31c1e876bf20d0b3d03cef14faf84d"},
    {file = "websockets-11.0.3-cp311-cp311-manylinux_2_17_aarch64.manylinux2014_aarch64.whl", hash = "sha256:660e2d9068d2bedc0912af508f30bbeb505bbbf9774d98def45f68278cea20d3"},
    {file = "websockets-11.0.3-cp311-cp311-manylinux_2_5_i686.manylinux1_i686.manylinux_2_17_i686.manylinux2014_i686.whl", hash = "sha256:c1f0524f203e3bd35149f12157438f406eff2e4fb30f71221c8a5eceb3617b6b"},
    {file = "websockets-11.0.3-cp311-cp311-manylinux_2_5_x86_64.manylinux1_x86_64.manylinux_2_17_x86_64.manylinux2014_x86_64.whl", hash = "sha256:def07915168ac8f7853812cc593c71185a16216e9e4fa886358a17ed0fd9fcf6"},
    {file = "websockets-11.0.3-cp311-cp311-musllinux_1_1_aarch64.whl", hash = "sha256:b30c6590146e53149f04e85a6e4fcae068df4289e31e4aee1fdf56a0dead8f97"},
    {file = "websockets-11.0.3-cp311-cp311-musllinux_1_1_i686.whl", hash = "sha256:619d9f06372b3a42bc29d0cd0354c9bb9fb39c2cbc1a9c5025b4538738dbffaf"},
    {file = "websockets-11.0.3-cp311-cp311-musllinux_1_1_x86_64.whl", hash = "sha256:01f5567d9cf6f502d655151645d4e8b72b453413d3819d2b6f1185abc23e82dd"},
    {file = "websockets-11.0.3-cp311-cp311-win32.whl", hash = "sha256:e1459677e5d12be8bbc7584c35b992eea142911a6236a3278b9b5ce3326f282c"},
    {file = "websockets-11.0.3-cp311-cp311-win_amd64.whl", hash = "sha256:e7837cb169eca3b3ae94cc5787c4fed99eef74c0ab9506756eea335e0d6f3ed8"},
    {file = "websockets-11.0.3-cp37-cp37m-macosx_10_9_x86_64.whl", hash = "sha256:9f59a3c656fef341a99e3d63189852be7084c0e54b75734cde571182c087b152"},
    {file = "websockets-11.0.3-cp37-cp37m-manylinux_2_17_aarch64.manylinux2014_aarch64.whl", hash = "sha256:2529338a6ff0eb0b50c7be33dc3d0e456381157a31eefc561771ee431134a97f"},
    {file = "websockets-11.0.3-cp37-cp37m-manylinux_2_5_i686.manylinux1_i686.manylinux_2_17_i686.manylinux2014_i686.whl", hash = "sha256:34fd59a4ac42dff6d4681d8843217137f6bc85ed29722f2f7222bd619d15e95b"},
    {file = "websockets-11.0.3-cp37-cp37m-manylinux_2_5_x86_64.manylinux1_x86_64.manylinux_2_17_x86_64.manylinux2014_x86_64.whl", hash = "sha256:332d126167ddddec94597c2365537baf9ff62dfcc9db4266f263d455f2f031cb"},
    {file = "websockets-11.0.3-cp37-cp37m-musllinux_1_1_aarch64.whl", hash = "sha256:6505c1b31274723ccaf5f515c1824a4ad2f0d191cec942666b3d0f3aa4cb4007"},
    {file = "websockets-11.0.3-cp37-cp37m-musllinux_1_1_i686.whl", hash = "sha256:f467ba0050b7de85016b43f5a22b46383ef004c4f672148a8abf32bc999a87f0"},
    {file = "websockets-11.0.3-cp37-cp37m-musllinux_1_1_x86_64.whl", hash = "sha256:9d9acd80072abcc98bd2c86c3c9cd4ac2347b5a5a0cae7ed5c0ee5675f86d9af"},
    {file = "websockets-11.0.3-cp37-cp37m-win32.whl", hash = "sha256:e590228200fcfc7e9109509e4d9125eace2042fd52b595dd22bbc34bb282307f"},
    {file = "websockets-11.0.3-cp37-cp37m-win_amd64.whl", hash = "sha256:b16fff62b45eccb9c7abb18e60e7e446998093cdcb50fed33134b9b6878836de"},
    {file = "websockets-11.0.3-cp38-cp38-macosx_10_9_universal2.whl", hash = "sha256:fb06eea71a00a7af0ae6aefbb932fb8a7df3cb390cc217d51a9ad7343de1b8d0"},
    {file = "websockets-11.0.3-cp38-cp38-macosx_10_9_x86_64.whl", hash = "sha256:8a34e13a62a59c871064dfd8ffb150867e54291e46d4a7cf11d02c94a5275bae"},
    {file = "websockets-11.0.3-cp38-cp38-macosx_11_0_arm64.whl", hash = "sha256:4841ed00f1026dfbced6fca7d963c4e7043aa832648671b5138008dc5a8f6d99"},
    {file = "websockets-11.0.3-cp38-cp38-manylinux_2_17_aarch64.manylinux2014_aarch64.whl", hash = "sha256:1a073fc9ab1c8aff37c99f11f1641e16da517770e31a37265d2755282a5d28aa"},
    {file = "websockets-11.0.3-cp38-cp38-manylinux_2_5_i686.manylinux1_i686.manylinux_2_17_i686.manylinux2014_i686.whl", hash = "sha256:68b977f21ce443d6d378dbd5ca38621755f2063d6fdb3335bda981d552cfff86"},
    {file = "websockets-11.0.3-cp38-cp38-manylinux_2_5_x86_64.manylinux1_x86_64.manylinux_2_17_x86_64.manylinux2014_x86_64.whl", hash = "sha256:e1a99a7a71631f0efe727c10edfba09ea6bee4166a6f9c19aafb6c0b5917d09c"},
    {file = "websockets-11.0.3-cp38-cp38-musllinux_1_1_aarch64.whl", hash = "sha256:bee9fcb41db2a23bed96c6b6ead6489702c12334ea20a297aa095ce6d31370d0"},
    {file = "websockets-11.0.3-cp38-cp38-musllinux_1_1_i686.whl", hash = "sha256:4b253869ea05a5a073ebfdcb5cb3b0266a57c3764cf6fe114e4cd90f4bfa5f5e"},
    {file = "websockets-11.0.3-cp38-cp38-musllinux_1_1_x86_64.whl", hash = "sha256:1553cb82942b2a74dd9b15a018dce645d4e68674de2ca31ff13ebc2d9f283788"},
    {file = "websockets-11.0.3-cp38-cp38-win32.whl", hash = "sha256:f61bdb1df43dc9c131791fbc2355535f9024b9a04398d3bd0684fc16ab07df74"},
    {file = "websockets-11.0.3-cp38-cp38-win_amd64.whl", hash = "sha256:03aae4edc0b1c68498f41a6772d80ac7c1e33c06c6ffa2ac1c27a07653e79d6f"},
    {file = "websockets-11.0.3-cp39-cp39-macosx_10_9_universal2.whl", hash = "sha256:777354ee16f02f643a4c7f2b3eff8027a33c9861edc691a2003531f5da4f6bc8"},
    {file = "websockets-11.0.3-cp39-cp39-macosx_10_9_x86_64.whl", hash = "sha256:8c82f11964f010053e13daafdc7154ce7385ecc538989a354ccc7067fd7028fd"},
    {file = "websockets-11.0.3-cp39-cp39-macosx_11_0_arm64.whl", hash = "sha256:3580dd9c1ad0701169e4d6fc41e878ffe05e6bdcaf3c412f9d559389d0c9e016"},
    {file = "websockets-11.0.3-cp39-cp39-manylinux_2_17_aarch64.manylinux2014_aarch64.whl", hash = "sha256:6f1a3f10f836fab6ca6efa97bb952300b20ae56b409414ca85bff2ad241d2a61"},
    {file = "websockets-11.0.3-cp39-cp39-manylinux_2_5_i686.manylinux1_i686.manylinux_2_17_i686.manylinux2014_i686.whl", hash = "sha256:df41b9bc27c2c25b486bae7cf42fccdc52ff181c8c387bfd026624a491c2671b"},
    {file = "websockets-11.0.3-cp39-cp39-manylinux_2_5_x86_64.manylinux1_x86_64.manylinux_2_17_x86_64.manylinux2014_x86_64.whl", hash = "sha256:279e5de4671e79a9ac877427f4ac4ce93751b8823f276b681d04b2156713b9dd"},
    {file = "websockets-11.0.3-cp39-cp39-musllinux_1_1_aarch64.whl", hash = "sha256:1fdf26fa8a6a592f8f9235285b8affa72748dc12e964a5518c6c5e8f916716f7"},
    {file = "websockets-11.0.3-cp39-cp39-musllinux_1_1_i686.whl", hash = "sha256:69269f3a0b472e91125b503d3c0b3566bda26da0a3261c49f0027eb6075086d1"},
    {file = "websockets-11.0.3-cp39-cp39-musllinux_1_1_x86_64.whl", hash = "sha256:97b52894d948d2f6ea480171a27122d77af14ced35f62e5c892ca2fae9344311"},
    {file = "websockets-11.0.3-cp39-cp39-win32.whl", hash = "sha256:c7f3cb904cce8e1be667c7e6fef4516b98d1a6a0635a58a57528d577ac18a128"},
    {file = "websockets-11.0.3-cp39-cp39-win_amd64.whl", hash = "sha256:c792ea4eabc0159535608fc5658a74d1a81020eb35195dd63214dcf07556f67e"},
    {file = "websockets-11.0.3-pp37-pypy37_pp73-macosx_10_9_x86_64.whl", hash = "sha256:f2e58f2c36cc52d41f2659e4c0cbf7353e28c8c9e63e30d8c6d3494dc9fdedcf"},
    {file = "websockets-11.0.3-pp37-pypy37_pp73-manylinux_2_17_aarch64.manylinux2014_aarch64.whl", hash = "sha256:de36fe9c02995c7e6ae6efe2e205816f5f00c22fd1fbf343d4d18c3d5ceac2f5"},
    {file = "websockets-11.0.3-pp37-pypy37_pp73-manylinux_2_5_i686.manylinux1_i686.manylinux_2_17_i686.manylinux2014_i686.whl", hash = "sha256:0ac56b661e60edd453585f4bd68eb6a29ae25b5184fd5ba51e97652580458998"},
    {file = "websockets-11.0.3-pp37-pypy37_pp73-manylinux_2_5_x86_64.manylinux1_x86_64.manylinux_2_17_x86_64.manylinux2014_x86_64.whl", hash = "sha256:e052b8467dd07d4943936009f46ae5ce7b908ddcac3fda581656b1b19c083d9b"},
    {file = "websockets-11.0.3-pp37-pypy37_pp73-win_amd64.whl", hash = "sha256:42cc5452a54a8e46a032521d7365da775823e21bfba2895fb7b77633cce031bb"},
    {file = "websockets-11.0.3-pp38-pypy38_pp73-macosx_10_9_x86_64.whl", hash = "sha256:e6316827e3e79b7b8e7d8e3b08f4e331af91a48e794d5d8b099928b6f0b85f20"},
    {file = "websockets-11.0.3-pp38-pypy38_pp73-manylinux_2_17_aarch64.manylinux2014_aarch64.whl", hash = "sha256:8531fdcad636d82c517b26a448dcfe62f720e1922b33c81ce695d0edb91eb931"},
    {file = "websockets-11.0.3-pp38-pypy38_pp73-manylinux_2_5_i686.manylinux1_i686.manylinux_2_17_i686.manylinux2014_i686.whl", hash = "sha256:c114e8da9b475739dde229fd3bc6b05a6537a88a578358bc8eb29b4030fac9c9"},
    {file = "websockets-11.0.3-pp38-pypy38_pp73-manylinux_2_5_x86_64.manylinux1_x86_64.manylinux_2_17_x86_64.manylinux2014_x86_64.whl", hash = "sha256:e063b1865974611313a3849d43f2c3f5368093691349cf3c7c8f8f75ad7cb280"},
    {file = "websockets-11.0.3-pp38-pypy38_pp73-win_amd64.whl", hash = "sha256:92b2065d642bf8c0a82d59e59053dd2fdde64d4ed44efe4870fa816c1232647b"},
    {file = "websockets-11.0.3-pp39-pypy39_pp73-macosx_10_9_x86_64.whl", hash = "sha256:0ee68fe502f9031f19d495dae2c268830df2760c0524cbac5d759921ba8c8e82"},
    {file = "websockets-11.0.3-pp39-pypy39_pp73-manylinux_2_17_aarch64.manylinux2014_aarch64.whl", hash = "sha256:dcacf2c7a6c3a84e720d1bb2b543c675bf6c40e460300b628bab1b1efc7c034c"},
    {file = "websockets-11.0.3-pp39-pypy39_pp73-manylinux_2_5_i686.manylinux1_i686.manylinux_2_17_i686.manylinux2014_i686.whl", hash = "sha256:b67c6f5e5a401fc56394f191f00f9b3811fe843ee93f4a70df3c389d1adf857d"},
    {file = "websockets-11.0.3-pp39-pypy39_pp73-manylinux_2_5_x86_64.manylinux1_x86_64.manylinux_2_17_x86_64.manylinux2014_x86_64.whl", hash = "sha256:1d5023a4b6a5b183dc838808087033ec5df77580485fc533e7dab2567851b0a4"},
    {file = "websockets-11.0.3-pp39-pypy39_pp73-win_amd64.whl", hash = "sha256:ed058398f55163a79bb9f06a90ef9ccc063b204bb346c4de78efc5d15abfe602"},
    {file = "websockets-11.0.3-py3-none-any.whl", hash = "sha256:6681ba9e7f8f3b19440921e99efbb40fc89f26cd71bf539e45d8c8a25c976dc6"},
    {file = "websockets-11.0.3.tar.gz", hash = "sha256:88fc51d9a26b10fc331be344f1781224a375b78488fc343620184e95a4b27016"},
]

[metadata]
lock-version = "2.0"
python-versions = "3.9.*"
content-hash = "0d197b7cf81208412d6c617942fd5eb20cbb9763c6be488b48a171eb07933e87"
